{
    "name": "api-server-django",
    "version": "1.0.1",
    "lockfileVersion": 3,
    "requires": true,
    "packages": {
        "": {
            "name": "api-server-django",
            "version": "1.0.1",
            "dependencies": {
                "api-server-django": "file:"
            },
            "engines": {
                "node": ">=10.0.0"
            }
        },
        "node_modules/api-server-django": {
            "resolved": "",
            "link": true
        }
    }
}
